// !$*UTF8*$!
{
	archiveVersion = 1;
	classes = {
	};
	objectVersion = 48;
	objects = {

/* Begin PBXBuildFile section */
		709898711F674008004FB6BE /* RoundedTextView.swift in Sources */ = {isa = PBXBuildFile; fileRef = 709898701F674008004FB6BE /* RoundedTextView.swift */; };
		709898731F67407D004FB6BE /* AddViewController.swift in Sources */ = {isa = PBXBuildFile; fileRef = 709898721F67407D004FB6BE /* AddViewController.swift */; };
		709898771F67492F004FB6BE /* EditViewController.swift in Sources */ = {isa = PBXBuildFile; fileRef = 709898761F67492F004FB6BE /* EditViewController.swift */; };
		709898BB1F67BDDB004FB6BE /* UIColor+extension.swift in Sources */ = {isa = PBXBuildFile; fileRef = 709898BA1F67BDDB004FB6BE /* UIColor+extension.swift */; };
		70F44AF91F67293500B8FCEC /* AppDelegate.swift in Sources */ = {isa = PBXBuildFile; fileRef = 70F44AF81F67293500B8FCEC /* AppDelegate.swift */; };
		70F44AFE1F67293500B8FCEC /* Main.storyboard in Resources */ = {isa = PBXBuildFile; fileRef = 70F44AFC1F67293500B8FCEC /* Main.storyboard */; };
		70F44B011F67293500B8FCEC /* DoingSomething.xcdatamodeld in Sources */ = {isa = PBXBuildFile; fileRef = 70F44AFF1F67293500B8FCEC /* DoingSomething.xcdatamodeld */; };
		70F44B031F67293500B8FCEC /* Assets.xcassets in Resources */ = {isa = PBXBuildFile; fileRef = 70F44B021F67293500B8FCEC /* Assets.xcassets */; };
		70F44B061F67293500B8FCEC /* LaunchScreen.storyboard in Resources */ = {isa = PBXBuildFile; fileRef = 70F44B041F67293500B8FCEC /* LaunchScreen.storyboard */; };
		70F44B111F67293500B8FCEC /* DoingSomethingTests.swift in Sources */ = {isa = PBXBuildFile; fileRef = 70F44B101F67293500B8FCEC /* DoingSomethingTests.swift */; };
		70F44B1C1F67293500B8FCEC /* DoingSomethingUITests.swift in Sources */ = {isa = PBXBuildFile; fileRef = 70F44B1B1F67293500B8FCEC /* DoingSomethingUITests.swift */; };
		70F44B2A1F67331C00B8FCEC /* ToDoTableViewController.swift in Sources */ = {isa = PBXBuildFile; fileRef = 70F44B291F67331C00B8FCEC /* ToDoTableViewController.swift */; };
		70F44B311F6733D500B8FCEC /* ToDo.swift in Sources */ = {isa = PBXBuildFile; fileRef = 70F44B301F6733D500B8FCEC /* ToDo.swift */; };
		70F44B341F67376C00B8FCEC /* BigTextCell.swift in Sources */ = {isa = PBXBuildFile; fileRef = 70F44B331F67376C00B8FCEC /* BigTextCell.swift */; };
/* End PBXBuildFile section */

/* Begin PBXContainerItemProxy section */
		70F44B0D1F67293500B8FCEC /* PBXContainerItemProxy */ = {
			isa = PBXContainerItemProxy;
			containerPortal = 70F44AED1F67293500B8FCEC /* Project object */;
			proxyType = 1;
			remoteGlobalIDString = 70F44AF41F67293500B8FCEC;
			remoteInfo = DoingSomething;
		};
		70F44B181F67293500B8FCEC /* PBXContainerItemProxy */ = {
			isa = PBXContainerItemProxy;
			containerPortal = 70F44AED1F67293500B8FCEC /* Project object */;
			proxyType = 1;
			remoteGlobalIDString = 70F44AF41F67293500B8FCEC;
			remoteInfo = DoingSomething;
		};
/* End PBXContainerItemProxy section */

/* Begin PBXFileReference section */
		709898701F674008004FB6BE /* RoundedTextView.swift */ = {isa = PBXFileReference; lastKnownFileType = sourcecode.swift; path = RoundedTextView.swift; sourceTree = "<group>"; };
		709898721F67407D004FB6BE /* AddViewController.swift */ = {isa = PBXFileReference; lastKnownFileType = sourcecode.swift; path = AddViewController.swift; sourceTree = "<group>"; };
		709898761F67492F004FB6BE /* EditViewController.swift */ = {isa = PBXFileReference; lastKnownFileType = sourcecode.swift; path = EditViewController.swift; sourceTree = "<group>"; };
		709898BA1F67BDDB004FB6BE /* UIColor+extension.swift */ = {isa = PBXFileReference; lastKnownFileType = sourcecode.swift; path = "UIColor+extension.swift"; sourceTree = "<group>"; };
		70F44AF51F67293500B8FCEC /* DoingSomething.app */ = {isa = PBXFileReference; explicitFileType = wrapper.application; includeInIndex = 0; path = DoingSomething.app; sourceTree = BUILT_PRODUCTS_DIR; };
		70F44AF81F67293500B8FCEC /* AppDelegate.swift */ = {isa = PBXFileReference; lastKnownFileType = sourcecode.swift; path = AppDelegate.swift; sourceTree = "<group>"; };
		70F44AFD1F67293500B8FCEC /* Base */ = {isa = PBXFileReference; lastKnownFileType = file.storyboard; name = Base; path = Base.lproj/Main.storyboard; sourceTree = "<group>"; };
		70F44B001F67293500B8FCEC /* DoingSomething.xcdatamodel */ = {isa = PBXFileReference; lastKnownFileType = wrapper.xcdatamodel; path = DoingSomething.xcdatamodel; sourceTree = "<group>"; };
		70F44B021F67293500B8FCEC /* Assets.xcassets */ = {isa = PBXFileReference; lastKnownFileType = folder.assetcatalog; path = Assets.xcassets; sourceTree = "<group>"; };
		70F44B051F67293500B8FCEC /* Base */ = {isa = PBXFileReference; lastKnownFileType = file.storyboard; name = Base; path = Base.lproj/LaunchScreen.storyboard; sourceTree = "<group>"; };
		70F44B071F67293500B8FCEC /* Info.plist */ = {isa = PBXFileReference; lastKnownFileType = text.plist.xml; path = Info.plist; sourceTree = "<group>"; };
		70F44B0C1F67293500B8FCEC /* DoingSomethingTests.xctest */ = {isa = PBXFileReference; explicitFileType = wrapper.cfbundle; includeInIndex = 0; path = DoingSomethingTests.xctest; sourceTree = BUILT_PRODUCTS_DIR; };
		70F44B101F67293500B8FCEC /* DoingSomethingTests.swift */ = {isa = PBXFileReference; lastKnownFileType = sourcecode.swift; path = DoingSomethingTests.swift; sourceTree = "<group>"; };
		70F44B121F67293500B8FCEC /* Info.plist */ = {isa = PBXFileReference; lastKnownFileType = text.plist.xml; path = Info.plist; sourceTree = "<group>"; };
		70F44B171F67293500B8FCEC /* DoingSomethingUITests.xctest */ = {isa = PBXFileReference; explicitFileType = wrapper.cfbundle; includeInIndex = 0; path = DoingSomethingUITests.xctest; sourceTree = BUILT_PRODUCTS_DIR; };
		70F44B1B1F67293500B8FCEC /* DoingSomethingUITests.swift */ = {isa = PBXFileReference; lastKnownFileType = sourcecode.swift; path = DoingSomethingUITests.swift; sourceTree = "<group>"; };
		70F44B1D1F67293500B8FCEC /* Info.plist */ = {isa = PBXFileReference; lastKnownFileType = text.plist.xml; path = Info.plist; sourceTree = "<group>"; };
		70F44B291F67331C00B8FCEC /* ToDoTableViewController.swift */ = {isa = PBXFileReference; lastKnownFileType = sourcecode.swift; path = ToDoTableViewController.swift; sourceTree = "<group>"; };
		70F44B301F6733D500B8FCEC /* ToDo.swift */ = {isa = PBXFileReference; lastKnownFileType = sourcecode.swift; path = ToDo.swift; sourceTree = "<group>"; };
		70F44B331F67376C00B8FCEC /* BigTextCell.swift */ = {isa = PBXFileReference; lastKnownFileType = sourcecode.swift; path = BigTextCell.swift; sourceTree = "<group>"; };
/* End PBXFileReference section */

/* Begin PBXFrameworksBuildPhase section */
		70F44AF21F67293500B8FCEC /* Frameworks */ = {
			isa = PBXFrameworksBuildPhase;
			buildActionMask = 2147483647;
			files = (
			);
			runOnlyForDeploymentPostprocessing = 0;
		};
		70F44B091F67293500B8FCEC /* Frameworks */ = {
			isa = PBXFrameworksBuildPhase;
			buildActionMask = 2147483647;
			files = (
			);
			runOnlyForDeploymentPostprocessing = 0;
		};
		70F44B141F67293500B8FCEC /* Frameworks */ = {
			isa = PBXFrameworksBuildPhase;
			buildActionMask = 2147483647;
			files = (
			);
			runOnlyForDeploymentPostprocessing = 0;
		};
/* End PBXFrameworksBuildPhase section */

/* Begin PBXGroup section */
		70F44AEC1F67293500B8FCEC = {
			isa = PBXGroup;
			children = (
				70F44AF71F67293500B8FCEC /* DoingSomething */,
				70F44B0F1F67293500B8FCEC /* DoingSomethingTests */,
				70F44B1A1F67293500B8FCEC /* DoingSomethingUITests */,
				70F44AF61F67293500B8FCEC /* Products */,
			);
			sourceTree = "<group>";
		};
		70F44AF61F67293500B8FCEC /* Products */ = {
			isa = PBXGroup;
			children = (
				70F44AF51F67293500B8FCEC /* DoingSomething.app */,
				70F44B0C1F67293500B8FCEC /* DoingSomethingTests.xctest */,
				70F44B171F67293500B8FCEC /* DoingSomethingUITests.xctest */,
			);
			name = Products;
			sourceTree = "<group>";
		};
		70F44AF71F67293500B8FCEC /* DoingSomething */ = {
			isa = PBXGroup;
			children = (
				70F44B2D1F6733B700B8FCEC /* Custom UI */,
				70F44B2C1F6733B000B8FCEC /* Model */,
				70F44AF81F67293500B8FCEC /* AppDelegate.swift */,
				70F44B2B1F67339F00B8FCEC /* VC */,
				70F44AFC1F67293500B8FCEC /* Main.storyboard */,
				70F44B021F67293500B8FCEC /* Assets.xcassets */,
				70F44B041F67293500B8FCEC /* LaunchScreen.storyboard */,
				70F44B071F67293500B8FCEC /* Info.plist */,
				70F44AFF1F67293500B8FCEC /* DoingSomething.xcdatamodeld */,
			);
			path = DoingSomething;
			sourceTree = "<group>";
		};
		70F44B0F1F67293500B8FCEC /* DoingSomethingTests */ = {
			isa = PBXGroup;
			children = (
				70F44B101F67293500B8FCEC /* DoingSomethingTests.swift */,
				70F44B121F67293500B8FCEC /* Info.plist */,
			);
			path = DoingSomethingTests;
			sourceTree = "<group>";
		};
		70F44B1A1F67293500B8FCEC /* DoingSomethingUITests */ = {
			isa = PBXGroup;
			children = (
				70F44B1B1F67293500B8FCEC /* DoingSomethingUITests.swift */,
				70F44B1D1F67293500B8FCEC /* Info.plist */,
			);
			path = DoingSomethingUITests;
			sourceTree = "<group>";
		};
		70F44B2B1F67339F00B8FCEC /* VC */ = {
			isa = PBXGroup;
			children = (
				70F44B291F67331C00B8FCEC /* ToDoTableViewController.swift */,
				709898721F67407D004FB6BE /* AddViewController.swift */,
				709898761F67492F004FB6BE /* EditViewController.swift */,
			);
			path = VC;
			sourceTree = "<group>";
		};
		70F44B2C1F6733B000B8FCEC /* Model */ = {
			isa = PBXGroup;
			children = (
				70F44B301F6733D500B8FCEC /* ToDo.swift */,
			);
			path = Model;
			sourceTree = "<group>";
		};
		70F44B2D1F6733B700B8FCEC /* Custom UI */ = {
			isa = PBXGroup;
			children = (
				70F44B331F67376C00B8FCEC /* BigTextCell.swift */,
				709898701F674008004FB6BE /* RoundedTextView.swift */,
				709898BA1F67BDDB004FB6BE /* UIColor+extension.swift */,
			);
			name = "Custom UI";
			sourceTree = "<group>";
		};
/* End PBXGroup section */

/* Begin PBXNativeTarget section */
		70F44AF41F67293500B8FCEC /* DoingSomething */ = {
			isa = PBXNativeTarget;
			buildConfigurationList = 70F44B201F67293500B8FCEC /* Build configuration list for PBXNativeTarget "DoingSomething" */;
			buildPhases = (
				70F44AF11F67293500B8FCEC /* Sources */,
				70F44AF21F67293500B8FCEC /* Frameworks */,
				70F44AF31F67293500B8FCEC /* Resources */,
			);
			buildRules = (
			);
			dependencies = (
			);
			name = DoingSomething;
			productName = DoingSomething;
			productReference = 70F44AF51F67293500B8FCEC /* DoingSomething.app */;
			productType = "com.apple.product-type.application";
		};
		70F44B0B1F67293500B8FCEC /* DoingSomethingTests */ = {
			isa = PBXNativeTarget;
			buildConfigurationList = 70F44B231F67293500B8FCEC /* Build configuration list for PBXNativeTarget "DoingSomethingTests" */;
			buildPhases = (
				70F44B081F67293500B8FCEC /* Sources */,
				70F44B091F67293500B8FCEC /* Frameworks */,
				70F44B0A1F67293500B8FCEC /* Resources */,
			);
			buildRules = (
			);
			dependencies = (
				70F44B0E1F67293500B8FCEC /* PBXTargetDependency */,
			);
			name = DoingSomethingTests;
			productName = DoingSomethingTests;
			productReference = 70F44B0C1F67293500B8FCEC /* DoingSomethingTests.xctest */;
			productType = "com.apple.product-type.bundle.unit-test";
		};
		70F44B161F67293500B8FCEC /* DoingSomethingUITests */ = {
			isa = PBXNativeTarget;
			buildConfigurationList = 70F44B261F67293500B8FCEC /* Build configuration list for PBXNativeTarget "DoingSomethingUITests" */;
			buildPhases = (
				70F44B131F67293500B8FCEC /* Sources */,
				70F44B141F67293500B8FCEC /* Frameworks */,
				70F44B151F67293500B8FCEC /* Resources */,
			);
			buildRules = (
			);
			dependencies = (
				70F44B191F67293500B8FCEC /* PBXTargetDependency */,
			);
			name = DoingSomethingUITests;
			productName = DoingSomethingUITests;
			productReference = 70F44B171F67293500B8FCEC /* DoingSomethingUITests.xctest */;
			productType = "com.apple.product-type.bundle.ui-testing";
		};
/* End PBXNativeTarget section */

/* Begin PBXProject section */
		70F44AED1F67293500B8FCEC /* Project object */ = {
			isa = PBXProject;
			attributes = {
				LastSwiftUpdateCheck = 0900;
				LastUpgradeCheck = 0900;
				ORGANIZATIONNAME = egoDev;
				TargetAttributes = {
					70F44AF41F67293500B8FCEC = {
						CreatedOnToolsVersion = 9.0;
						ProvisioningStyle = Automatic;
					};
					70F44B0B1F67293500B8FCEC = {
						CreatedOnToolsVersion = 9.0;
						ProvisioningStyle = Automatic;
						TestTargetID = 70F44AF41F67293500B8FCEC;
					};
					70F44B161F67293500B8FCEC = {
						CreatedOnToolsVersion = 9.0;
						ProvisioningStyle = Automatic;
						TestTargetID = 70F44AF41F67293500B8FCEC;
					};
				};
			};
			buildConfigurationList = 70F44AF01F67293500B8FCEC /* Build configuration list for PBXProject "DoingSomething" */;
			compatibilityVersion = "Xcode 8.0";
			developmentRegion = en;
			hasScannedForEncodings = 0;
			knownRegions = (
				en,
				Base,
			);
			mainGroup = 70F44AEC1F67293500B8FCEC;
			productRefGroup = 70F44AF61F67293500B8FCEC /* Products */;
			projectDirPath = "";
			projectRoot = "";
			targets = (
				70F44AF41F67293500B8FCEC /* DoingSomething */,
				70F44B0B1F67293500B8FCEC /* DoingSomethingTests */,
				70F44B161F67293500B8FCEC /* DoingSomethingUITests */,
			);
		};
/* End PBXProject section */

/* Begin PBXResourcesBuildPhase section */
		70F44AF31F67293500B8FCEC /* Resources */ = {
			isa = PBXResourcesBuildPhase;
			buildActionMask = 2147483647;
			files = (
				70F44B061F67293500B8FCEC /* LaunchScreen.storyboard in Resources */,
				70F44B031F67293500B8FCEC /* Assets.xcassets in Resources */,
				70F44AFE1F67293500B8FCEC /* Main.storyboard in Resources */,
			);
			runOnlyForDeploymentPostprocessing = 0;
		};
		70F44B0A1F67293500B8FCEC /* Resources */ = {
			isa = PBXResourcesBuildPhase;
			buildActionMask = 2147483647;
			files = (
			);
			runOnlyForDeploymentPostprocessing = 0;
		};
		70F44B151F67293500B8FCEC /* Resources */ = {
			isa = PBXResourcesBuildPhase;
			buildActionMask = 2147483647;
			files = (
			);
			runOnlyForDeploymentPostprocessing = 0;
		};
/* End PBXResourcesBuildPhase section */

/* Begin PBXSourcesBuildPhase section */
		70F44AF11F67293500B8FCEC /* Sources */ = {
			isa = PBXSourcesBuildPhase;
			buildActionMask = 2147483647;
			files = (
				70F44B011F67293500B8FCEC /* DoingSomething.xcdatamodeld in Sources */,
				709898711F674008004FB6BE /* RoundedTextView.swift in Sources */,
				709898731F67407D004FB6BE /* AddViewController.swift in Sources */,
				70F44B2A1F67331C00B8FCEC /* ToDoTableViewController.swift in Sources */,
				70F44AF91F67293500B8FCEC /* AppDelegate.swift in Sources */,
				70F44B341F67376C00B8FCEC /* BigTextCell.swift in Sources */,
				709898BB1F67BDDB004FB6BE /* UIColor+extension.swift in Sources */,
				70F44B311F6733D500B8FCEC /* ToDo.swift in Sources */,
				709898771F67492F004FB6BE /* EditViewController.swift in Sources */,
			);
			runOnlyForDeploymentPostprocessing = 0;
		};
		70F44B081F67293500B8FCEC /* Sources */ = {
			isa = PBXSourcesBuildPhase;
			buildActionMask = 2147483647;
			files = (
				70F44B111F67293500B8FCEC /* DoingSomethingTests.swift in Sources */,
			);
			runOnlyForDeploymentPostprocessing = 0;
		};
		70F44B131F67293500B8FCEC /* Sources */ = {
			isa = PBXSourcesBuildPhase;
			buildActionMask = 2147483647;
			files = (
				70F44B1C1F67293500B8FCEC /* DoingSomethingUITests.swift in Sources */,
			);
			runOnlyForDeploymentPostprocessing = 0;
		};
/* End PBXSourcesBuildPhase section */

/* Begin PBXTargetDependency section */
		70F44B0E1F67293500B8FCEC /* PBXTargetDependency */ = {
			isa = PBXTargetDependency;
			target = 70F44AF41F67293500B8FCEC /* DoingSomething */;
			targetProxy = 70F44B0D1F67293500B8FCEC /* PBXContainerItemProxy */;
		};
		70F44B191F67293500B8FCEC /* PBXTargetDependency */ = {
			isa = PBXTargetDependency;
			target = 70F44AF41F67293500B8FCEC /* DoingSomething */;
			targetProxy = 70F44B181F67293500B8FCEC /* PBXContainerItemProxy */;
		};
/* End PBXTargetDependency section */

/* Begin PBXVariantGroup section */
		70F44AFC1F67293500B8FCEC /* Main.storyboard */ = {
			isa = PBXVariantGroup;
			children = (
				70F44AFD1F67293500B8FCEC /* Base */,
			);
			name = Main.storyboard;
			sourceTree = "<group>";
		};
		70F44B041F67293500B8FCEC /* LaunchScreen.storyboard */ = {
			isa = PBXVariantGroup;
			children = (
				70F44B051F67293500B8FCEC /* Base */,
			);
			name = LaunchScreen.storyboard;
			sourceTree = "<group>";
		};
/* End PBXVariantGroup section */

/* Begin XCBuildConfiguration section */
		70F44B1E1F67293500B8FCEC /* Debug */ = {
			isa = XCBuildConfiguration;
			buildSettings = {
				ALWAYS_SEARCH_USER_PATHS = NO;
				CLANG_ANALYZER_NONNULL = YES;
				CLANG_ANALYZER_NUMBER_OBJECT_CONVERSION = YES_AGGRESSIVE;
				CLANG_CXX_LANGUAGE_STANDARD = "gnu++14";
				CLANG_CXX_LIBRARY = "libc++";
				CLANG_ENABLE_MODULES = YES;
				CLANG_ENABLE_OBJC_ARC = YES;
				CLANG_WARN_BLOCK_CAPTURE_AUTORELEASING = YES;
				CLANG_WARN_BOOL_CONVERSION = YES;
				CLANG_WARN_COMMA = YES;
				CLANG_WARN_CONSTANT_CONVERSION = YES;
				CLANG_WARN_DIRECT_OBJC_ISA_USAGE = YES_ERROR;
				CLANG_WARN_DOCUMENTATION_COMMENTS = YES;
				CLANG_WARN_EMPTY_BODY = YES;
				CLANG_WARN_ENUM_CONVERSION = YES;
				CLANG_WARN_INFINITE_RECURSION = YES;
				CLANG_WARN_INT_CONVERSION = YES;
				CLANG_WARN_NON_LITERAL_NULL_CONVERSION = YES;
				CLANG_WARN_OBJC_LITERAL_CONVERSION = YES;
				CLANG_WARN_OBJC_ROOT_CLASS = YES_ERROR;
				CLANG_WARN_RANGE_LOOP_ANALYSIS = YES;
				CLANG_WARN_STRICT_PROTOTYPES = YES;
				CLANG_WARN_SUSPICIOUS_MOVE = YES;
				CLANG_WARN_UNGUARDED_AVAILABILITY = YES_AGGRESSIVE;
				CLANG_WARN_UNREACHABLE_CODE = YES;
				CLANG_WARN__DUPLICATE_METHOD_MATCH = YES;
				CODE_SIGN_IDENTITY = "iPhone Developer";
				COPY_PHASE_STRIP = NO;
				DEBUG_INFORMATION_FORMAT = dwarf;
				ENABLE_STRICT_OBJC_MSGSEND = YES;
				ENABLE_TESTABILITY = YES;
				GCC_C_LANGUAGE_STANDARD = gnu11;
				GCC_DYNAMIC_NO_PIC = NO;
				GCC_NO_COMMON_BLOCKS = YES;
				GCC_OPTIMIZATION_LEVEL = 0;
				GCC_PREPROCESSOR_DEFINITIONS = (
					"DEBUG=1",
					"$(inherited)",
				);
				GCC_WARN_64_TO_32_BIT_CONVERSION = YES;
				GCC_WARN_ABOUT_RETURN_TYPE = YES_ERROR;
				GCC_WARN_UNDECLARED_SELECTOR = YES;
				GCC_WARN_UNINITIALIZED_AUTOS = YES_AGGRESSIVE;
				GCC_WARN_UNUSED_FUNCTION = YES;
				GCC_WARN_UNUSED_VARIABLE = YES;
				IPHONEOS_DEPLOYMENT_TARGET = 11.0;
				MTL_ENABLE_DEBUG_INFO = YES;
				ONLY_ACTIVE_ARCH = YES;
				SDKROOT = iphoneos;
				SWIFT_ACTIVE_COMPILATION_CONDITIONS = DEBUG;
				SWIFT_OPTIMIZATION_LEVEL = "-Onone";
			};
			name = Debug;
		};
		70F44B1F1F67293500B8FCEC /* Release */ = {
			isa = XCBuildConfiguration;
			buildSettings = {
				ALWAYS_SEARCH_USER_PATHS = NO;
				CLANG_ANALYZER_NONNULL = YES;
				CLANG_ANALYZER_NUMBER_OBJECT_CONVERSION = YES_AGGRESSIVE;
				CLANG_CXX_LANGUAGE_STANDARD = "gnu++14";
				CLANG_CXX_LIBRARY = "libc++";
				CLANG_ENABLE_MODULES = YES;
				CLANG_ENABLE_OBJC_ARC = YES;
				CLANG_WARN_BLOCK_CAPTURE_AUTORELEASING = YES;
				CLANG_WARN_BOOL_CONVERSION = YES;
				CLANG_WARN_COMMA = YES;
				CLANG_WARN_CONSTANT_CONVERSION = YES;
				CLANG_WARN_DIRECT_OBJC_ISA_USAGE = YES_ERROR;
				CLANG_WARN_DOCUMENTATION_COMMENTS = YES;
				CLANG_WARN_EMPTY_BODY = YES;
				CLANG_WARN_ENUM_CONVERSION = YES;
				CLANG_WARN_INFINITE_RECURSION = YES;
				CLANG_WARN_INT_CONVERSION = YES;
				CLANG_WARN_NON_LITERAL_NULL_CONVERSION = YES;
				CLANG_WARN_OBJC_LITERAL_CONVERSION = YES;
				CLANG_WARN_OBJC_ROOT_CLASS = YES_ERROR;
				CLANG_WARN_RANGE_LOOP_ANALYSIS = YES;
				CLANG_WARN_STRICT_PROTOTYPES = YES;
				CLANG_WARN_SUSPICIOUS_MOVE = YES;
				CLANG_WARN_UNGUARDED_AVAILABILITY = YES_AGGRESSIVE;
				CLANG_WARN_UNREACHABLE_CODE = YES;
				CLANG_WARN__DUPLICATE_METHOD_MATCH = YES;
				CODE_SIGN_IDENTITY = "iPhone Developer";
				COPY_PHASE_STRIP = NO;
				DEBUG_INFORMATION_FORMAT = "dwarf-with-dsym";
				ENABLE_NS_ASSERTIONS = NO;
				ENABLE_STRICT_OBJC_MSGSEND = YES;
				GCC_C_LANGUAGE_STANDARD = gnu11;
				GCC_NO_COMMON_BLOCKS = YES;
				GCC_WARN_64_TO_32_BIT_CONVERSION = YES;
				GCC_WARN_ABOUT_RETURN_TYPE = YES_ERROR;
				GCC_WARN_UNDECLARED_SELECTOR = YES;
				GCC_WARN_UNINITIALIZED_AUTOS = YES_AGGRESSIVE;
				GCC_WARN_UNUSED_FUNCTION = YES;
				GCC_WARN_UNUSED_VARIABLE = YES;
				IPHONEOS_DEPLOYMENT_TARGET = 11.0;
				MTL_ENABLE_DEBUG_INFO = NO;
				SDKROOT = iphoneos;
				SWIFT_OPTIMIZATION_LEVEL = "-Owholemodule";
				VALIDATE_PRODUCT = YES;
			};
			name = Release;
		};
		70F44B211F67293500B8FCEC /* Debug */ = {
			isa = XCBuildConfiguration;
			buildSettings = {
				ASSETCATALOG_COMPILER_APPICON_NAME = AppIcon;
				CODE_SIGN_STYLE = Automatic;
				DEVELOPMENT_TEAM = 895Q7MTPTC;
				INFOPLIST_FILE = DoingSomething/Info.plist;
				LD_RUNPATH_SEARCH_PATHS = "$(inherited) @executable_path/Frameworks";
				PRODUCT_BUNDLE_IDENTIFIER = uk.egodev.DoingSomething;
				PRODUCT_NAME = "$(TARGET_NAME)";
				SWIFT_VERSION = 4.0;
				TARGETED_DEVICE_FAMILY = "1,2";
			};
			name = Debug;
		};
		70F44B221F67293500B8FCEC /* Release */ = {
			isa = XCBuildConfiguration;
			buildSettings = {
				ASSETCATALOG_COMPILER_APPICON_NAME = AppIcon;
				CODE_SIGN_STYLE = Automatic;
				DEVELOPMENT_TEAM = 895Q7MTPTC;
				INFOPLIST_FILE = DoingSomething/Info.plist;
				LD_RUNPATH_SEARCH_PATHS = "$(inherited) @executable_path/Frameworks";
				PRODUCT_BUNDLE_IDENTIFIER = uk.egodev.DoingSomething;
				PRODUCT_NAME = "$(TARGET_NAME)";
				SWIFT_VERSION = 4.0;
				TARGETED_DEVICE_FAMILY = "1,2";
			};
			name = Release;
		};
		70F44B241F67293500B8FCEC /* Debug */ = {
			isa = XCBuildConfiguration;
			buildSettings = {
				ALWAYS_EMBED_SWIFT_STANDARD_LIBRARIES = YES;
				BUNDLE_LOADER = "$(TEST_HOST)";
				CODE_SIGN_STYLE = Automatic;
				DEVELOPMENT_TEAM = 895Q7MTPTC;
				INFOPLIST_FILE = DoingSomethingTests/Info.plist;
				LD_RUNPATH_SEARCH_PATHS = "$(inherited) @executable_path/Frameworks @loader_path/Frameworks";
				PRODUCT_BUNDLE_IDENTIFIER = uk.egodev.DoingSomethingTests;
				PRODUCT_NAME = "$(TARGET_NAME)";
				SWIFT_VERSION = 4.0;
				TARGETED_DEVICE_FAMILY = "1,2";
				TEST_HOST = "$(BUILT_PRODUCTS_DIR)/DoingSomething.app/DoingSomething";
			};
			name = Debug;
		};
		70F44B251F67293500B8FCEC /* Release */ = {
			isa = XCBuildConfiguration;
			buildSettings = {
				ALWAYS_EMBED_SWIFT_STANDARD_LIBRARIES = YES;
				BUNDLE_LOADER = "$(TEST_HOST)";
				CODE_SIGN_STYLE = Automatic;
				DEVELOPMENT_TEAM = 895Q7MTPTC;
				INFOPLIST_FILE = DoingSomethingTests/Info.plist;
				LD_RUNPATH_SEARCH_PATHS = "$(inherited) @executable_path/Frameworks @loader_path/Frameworks";
				PRODUCT_BUNDLE_IDENTIFIER = uk.egodev.DoingSomethingTests;
				PRODUCT_NAME = "$(TARGET_NAME)";
				SWIFT_VERSION = 4.0;
				TARGETED_DEVICE_FAMILY = "1,2";
				TEST_HOST = "$(BUILT_PRODUCTS_DIR)/DoingSomething.app/DoingSomething";
			};
			name = Release;
		};
		70F44B271F67293500B8FCEC /* Debug */ = {
			isa = XCBuildConfiguration;
			buildSettings = {
				ALWAYS_EMBED_SWIFT_STANDARD_LIBRARIES = YES;
				CODE_SIGN_STYLE = Automatic;
				DEVELOPMENT_TEAM = 895Q7MTPTC;
				INFOPLIST_FILE = DoingSomethingUITests/Info.plist;
				LD_RUNPATH_SEARCH_PATHS = "$(inherited) @executable_path/Frameworks @loader_path/Frameworks";
				PRODUCT_BUNDLE_IDENTIFIER = uk.egodev.DoingSomethingUITests;
				PRODUCT_NAME = "$(TARGET_NAME)";
				SWIFT_VERSION = 4.0;
				TARGETED_DEVICE_FAMILY = "1,2";
				TEST_TARGET_NAME = DoingSomething;
			};
			name = Debug;
		};
		70F44B281F67293500B8FCEC /* Release */ = {
			isa = XCBuildConfiguration;
			buildSettings = {
				ALWAYS_EMBED_SWIFT_STANDARD_LIBRARIES = YES;
				CODE_SIGN_STYLE = Automatic;
				DEVELOPMENT_TEAM = 895Q7MTPTC;
				INFOPLIST_FILE = DoingSomethingUITests/Info.plist;
				LD_RUNPATH_SEARCH_PATHS = "$(inherited) @executable_path/Frameworks @loader_path/Frameworks";
				PRODUCT_BUNDLE_IDENTIFIER = uk.egodev.DoingSomethingUITests;
				PRODUCT_NAME = "$(TARGET_NAME)";
				SWIFT_VERSION = 4.0;
				TARGETED_DEVICE_FAMILY = "1,2";
				TEST_TARGET_NAME = DoingSomething;
			};
			name = Release;
		};
/* End XCBuildConfiguration section */

/* Begin XCConfigurationList section */
		70F44AF01F67293500B8FCEC /* Build configuration list for PBXProject "DoingSomething" */ = {
			isa = XCConfigurationList;
			buildConfigurations = (
				70F44B1E1F67293500B8FCEC /* Debug */,
				70F44B1F1F67293500B8FCEC /* Release */,
			);
			defaultConfigurationIsVisible = 0;
			defaultConfigurationName = Release;
		};
		70F44B201F67293500B8FCEC /* Build configuration list for PBXNativeTarget "DoingSomething" */ = {
			isa = XCConfigurationList;
			buildConfigurations = (
				70F44B211F67293500B8FCEC /* Debug */,
				70F44B221F67293500B8FCEC /* Release */,
			);
			defaultConfigurationIsVisible = 0;
			defaultConfigurationName = Release;
		};
		70F44B231F67293500B8FCEC /* Build configuration list for PBXNativeTarget "DoingSomethingTests" */ = {
			isa = XCConfigurationList;
			buildConfigurations = (
				70F44B241F67293500B8FCEC /* Debug */,
				70F44B251F67293500B8FCEC /* Release */,
			);
			defaultConfigurationIsVisible = 0;
			defaultConfigurationName = Release;
		};
		70F44B261F67293500B8FCEC /* Build configuration list for PBXNativeTarget "DoingSomethingUITests" */ = {
			isa = XCConfigurationList;
			buildConfigurations = (
				70F44B271F67293500B8FCEC /* Debug */,
				70F44B281F67293500B8FCEC /* Release */,
			);
			defaultConfigurationIsVisible = 0;
			defaultConfigurationName = Release;
		};
/* End XCConfigurationList section */

/* Begin XCVersionGroup section */
		70F44AFF1F67293500B8FCEC /* DoingSomething.xcdatamodeld */ = {
			isa = XCVersionGroup;
			children = (
				70F44B001F67293500B8FCEC /* DoingSomething.xcdatamodel */,
			);
			currentVersion = 70F44B001F67293500B8FCEC /* DoingSomething.xcdatamodel */;
			path = DoingSomething.xcdatamodeld;
			sourceTree = "<group>";
			versionGroupType = wrapper.xcdatamodel;
		};
/* End XCVersionGroup section */
	};
	rootObject = 70F44AED1F67293500B8FCEC /* Project object */;
}
